// !$*UTF8*$!
{
	archiveVersion = 1;
	classes = {
	};
	objectVersion = 56;
	objects = {

/* Begin PBXBuildFile section */
		00288A152A9EF14B00893121 /* TitleView.swift in Sources */ = {isa = PBXBuildFile; fileRef = 00288A142A9EF14B00893121 /* TitleView.swift */; };
		00288A192A9FD5CC00893121 /* ImagesModel.swift in Sources */ = {isa = PBXBuildFile; fileRef = 00288A182A9FD5CC00893121 /* ImagesModel.swift */; };
		00288A1D2AA01D3700893121 /* extentions.swift in Sources */ = {isa = PBXBuildFile; fileRef = 00288A1C2AA01D3700893121 /* extentions.swift */; };
		00288A1F2AA0245600893121 /* ImageDetailView.swift in Sources */ = {isa = PBXBuildFile; fileRef = 00288A1E2AA0245600893121 /* ImageDetailView.swift */; };
		00339F1C2AA12F8D003F0FD8 /* NasaImageManager.swift in Sources */ = {isa = PBXBuildFile; fileRef = 00339F1B2AA12F8D003F0FD8 /* NasaImageManager.swift */; };
		00339F1E2AA1379B003F0FD8 /* Secrets.swift in Sources */ = {isa = PBXBuildFile; fileRef = 00339F1D2AA1379B003F0FD8 /* Secrets.swift */; };
		00339F202AA14AAC003F0FD8 /* LoadingView.swift in Sources */ = {isa = PBXBuildFile; fileRef = 00339F1F2AA14AAC003F0FD8 /* LoadingView.swift */; };
		006CFE3C2A9EDC1200E03838 /* NasaImagesApp.swift in Sources */ = {isa = PBXBuildFile; fileRef = 006CFE3B2A9EDC1200E03838 /* NasaImagesApp.swift */; };
		006CFE3E2A9EDC1200E03838 /* ContentView.swift in Sources */ = {isa = PBXBuildFile; fileRef = 006CFE3D2A9EDC1200E03838 /* ContentView.swift */; };
		006CFE402A9EDC1200E03838 /* Assets.xcassets in Resources */ = {isa = PBXBuildFile; fileRef = 006CFE3F2A9EDC1200E03838 /* Assets.xcassets */; };
		006CFE432A9EDC1200E03838 /* Preview Assets.xcassets in Resources */ = {isa = PBXBuildFile; fileRef = 006CFE422A9EDC1200E03838 /* Preview Assets.xcassets */; };
		006CFE4A2A9EDC9300E03838 /* ImageCard.swift in Sources */ = {isa = PBXBuildFile; fileRef = 006CFE492A9EDC9300E03838 /* ImageCard.swift */; };
		006CFE4C2A9EE5E800E03838 /* PreviewData.json in Resources */ = {isa = PBXBuildFile; fileRef = 006CFE4B2A9EE5E800E03838 /* PreviewData.json */; };
		006CFE4E2A9EE63400E03838 /* decodePreviewData.swift in Sources */ = {isa = PBXBuildFile; fileRef = 006CFE4D2A9EE63400E03838 /* decodePreviewData.swift */; };
/* End PBXBuildFile section */

/* Begin PBXFileReference section */
		00288A142A9EF14B00893121 /* TitleView.swift */ = {isa = PBXFileReference; lastKnownFileType = sourcecode.swift; path = TitleView.swift; sourceTree = "<group>"; };
		00288A182A9FD5CC00893121 /* ImagesModel.swift */ = {isa = PBXFileReference; lastKnownFileType = sourcecode.swift; path = ImagesModel.swift; sourceTree = "<group>"; };
		00288A1C2AA01D3700893121 /* extentions.swift */ = {isa = PBXFileReference; lastKnownFileType = sourcecode.swift; path = extentions.swift; sourceTree = "<group>"; };
		00288A1E2AA0245600893121 /* ImageDetailView.swift */ = {isa = PBXFileReference; lastKnownFileType = sourcecode.swift; path = ImageDetailView.swift; sourceTree = "<group>"; };
		00339F1B2AA12F8D003F0FD8 /* NasaImageManager.swift */ = {isa = PBXFileReference; lastKnownFileType = sourcecode.swift; path = NasaImageManager.swift; sourceTree = "<group>"; };
		00339F1D2AA1379B003F0FD8 /* Secrets.swift */ = {isa = PBXFileReference; lastKnownFileType = sourcecode.swift; path = Secrets.swift; sourceTree = "<group>"; };
		00339F1F2AA14AAC003F0FD8 /* LoadingView.swift */ = {isa = PBXFileReference; lastKnownFileType = sourcecode.swift; path = LoadingView.swift; sourceTree = "<group>"; };
		006CFE382A9EDC1200E03838 /* NasaImages.app */ = {isa = PBXFileReference; explicitFileType = wrapper.application; includeInIndex = 0; path = NasaImages.app; sourceTree = BUILT_PRODUCTS_DIR; };
		006CFE3B2A9EDC1200E03838 /* NasaImagesApp.swift */ = {isa = PBXFileReference; lastKnownFileType = sourcecode.swift; path = NasaImagesApp.swift; sourceTree = "<group>"; };
		006CFE3D2A9EDC1200E03838 /* ContentView.swift */ = {isa = PBXFileReference; lastKnownFileType = sourcecode.swift; path = ContentView.swift; sourceTree = "<group>"; };
		006CFE3F2A9EDC1200E03838 /* Assets.xcassets */ = {isa = PBXFileReference; lastKnownFileType = folder.assetcatalog; path = Assets.xcassets; sourceTree = "<group>"; };
		006CFE422A9EDC1200E03838 /* Preview Assets.xcassets */ = {isa = PBXFileReference; lastKnownFileType = folder.assetcatalog; path = "Preview Assets.xcassets"; sourceTree = "<group>"; };
		006CFE492A9EDC9300E03838 /* ImageCard.swift */ = {isa = PBXFileReference; lastKnownFileType = sourcecode.swift; path = ImageCard.swift; sourceTree = "<group>"; };
		006CFE4B2A9EE5E800E03838 /* PreviewData.json */ = {isa = PBXFileReference; lastKnownFileType = text.json; path = PreviewData.json; sourceTree = "<group>"; };
		006CFE4D2A9EE63400E03838 /* decodePreviewData.swift */ = {isa = PBXFileReference; lastKnownFileType = sourcecode.swift; path = decodePreviewData.swift; sourceTree = "<group>"; };
/* End PBXFileReference section */

/* Begin PBXFrameworksBuildPhase section */
		006CFE352A9EDC1200E03838 /* Frameworks */ = {
			isa = PBXFrameworksBuildPhase;
			buildActionMask = 2147483647;
			files = (
			);
			runOnlyForDeploymentPostprocessing = 0;
		};
/* End PBXFrameworksBuildPhase section */

/* Begin PBXGroup section */
		00288A162A9FD45100893121 /* Components */ = {
			isa = PBXGroup;
			children = (
				006CFE492A9EDC9300E03838 /* ImageCard.swift */,
				00288A142A9EF14B00893121 /* TitleView.swift */,
				00339F1F2AA14AAC003F0FD8 /* LoadingView.swift */,
			);
			path = Components;
			sourceTree = "<group>";
		};
		00288A172A9FD46600893121 /* Views */ = {
			isa = PBXGroup;
			children = (
				006CFE3D2A9EDC1200E03838 /* ContentView.swift */,
				00288A1E2AA0245600893121 /* ImageDetailView.swift */,
				00288A162A9FD45100893121 /* Components */,
			);
			path = Views;
			sourceTree = "<group>";
		};
		00288A1A2A9FD5D100893121 /* Model */ = {
			isa = PBXGroup;
			children = (
				00288A182A9FD5CC00893121 /* ImagesModel.swift */,
			);
			path = Model;
			sourceTree = "<group>";
		};
		00288A1B2AA01D2500893121 /* SupportFiles */ = {
			isa = PBXGroup;
			children = (
				006CFE3F2A9EDC1200E03838 /* Assets.xcassets */,
				00288A1C2AA01D3700893121 /* extentions.swift */,
				00339F1D2AA1379B003F0FD8 /* Secrets.swift */,
			);
			path = SupportFiles;
			sourceTree = "<group>";
		};
		00339F1A2AA12F76003F0FD8 /* ViewModel */ = {
			isa = PBXGroup;
			children = (
				00339F1B2AA12F8D003F0FD8 /* NasaImageManager.swift */,
			);
			path = ViewModel;
			sourceTree = "<group>";
		};
		006CFE2F2A9EDC1200E03838 = {
			isa = PBXGroup;
			children = (
				006CFE3A2A9EDC1200E03838 /* NasaImages */,
				006CFE392A9EDC1200E03838 /* Products */,
			);
			sourceTree = "<group>";
		};
		006CFE392A9EDC1200E03838 /* Products */ = {
			isa = PBXGroup;
			children = (
				006CFE382A9EDC1200E03838 /* NasaImages.app */,
			);
			name = Products;
			sourceTree = "<group>";
		};
		006CFE3A2A9EDC1200E03838 /* NasaImages */ = {
			isa = PBXGroup;
			children = (
				006CFE3B2A9EDC1200E03838 /* NasaImagesApp.swift */,
				00288A1A2A9FD5D100893121 /* Model */,
				00288A172A9FD46600893121 /* Views */,
				00339F1A2AA12F76003F0FD8 /* ViewModel */,
				00288A1B2AA01D2500893121 /* SupportFiles */,
				006CFE412A9EDC1200E03838 /* Preview Content */,
			);
			path = NasaImages;
			sourceTree = "<group>";
		};
		006CFE412A9EDC1200E03838 /* Preview Content */ = {
			isa = PBXGroup;
			children = (
				006CFE422A9EDC1200E03838 /* Preview Assets.xcassets */,
				006CFE4B2A9EE5E800E03838 /* PreviewData.json */,
				006CFE4D2A9EE63400E03838 /* decodePreviewData.swift */,
			);
			path = "Preview Content";
			sourceTree = "<group>";
		};
/* End PBXGroup section */

/* Begin PBXNativeTarget section */
		006CFE372A9EDC1200E03838 /* NasaImages */ = {
			isa = PBXNativeTarget;
			buildConfigurationList = 006CFE462A9EDC1200E03838 /* Build configuration list for PBXNativeTarget "NasaImages" */;
			buildPhases = (
				006CFE342A9EDC1200E03838 /* Sources */,
				006CFE352A9EDC1200E03838 /* Frameworks */,
				006CFE362A9EDC1200E03838 /* Resources */,
			);
			buildRules = (
			);
			dependencies = (
			);
			name = NasaImages;
			productName = NasaImages;
			productReference = 006CFE382A9EDC1200E03838 /* NasaImages.app */;
			productType = "com.apple.product-type.application";
		};
/* End PBXNativeTarget section */

/* Begin PBXProject section */
		006CFE302A9EDC1200E03838 /* Project object */ = {
			isa = PBXProject;
			attributes = {
				BuildIndependentTargetsInParallel = 1;
				LastSwiftUpdateCheck = 1430;
				LastUpgradeCheck = 1430;
				TargetAttributes = {
					006CFE372A9EDC1200E03838 = {
						CreatedOnToolsVersion = 14.3.1;
					};
				};
			};
			buildConfigurationList = 006CFE332A9EDC1200E03838 /* Build configuration list for PBXProject "NasaImages" */;
			compatibilityVersion = "Xcode 14.0";
			developmentRegion = en;
			hasScannedForEncodings = 0;
			knownRegions = (
				en,
				Base,
			);
			mainGroup = 006CFE2F2A9EDC1200E03838;
			productRefGroup = 006CFE392A9EDC1200E03838 /* Products */;
			projectDirPath = "";
			projectRoot = "";
			targets = (
				006CFE372A9EDC1200E03838 /* NasaImages */,
			);
		};
/* End PBXProject section */

/* Begin PBXResourcesBuildPhase section */
		006CFE362A9EDC1200E03838 /* Resources */ = {
			isa = PBXResourcesBuildPhase;
			buildActionMask = 2147483647;
			files = (
				006CFE432A9EDC1200E03838 /* Preview Assets.xcassets in Resources */,
				006CFE402A9EDC1200E03838 /* Assets.xcassets in Resources */,
				006CFE4C2A9EE5E800E03838 /* PreviewData.json in Resources */,
			);
			runOnlyForDeploymentPostprocessing = 0;
		};
/* End PBXResourcesBuildPhase section */

/* Begin PBXSourcesBuildPhase section */
		006CFE342A9EDC1200E03838 /* Sources */ = {
			isa = PBXSourcesBuildPhase;
			buildActionMask = 2147483647;
			files = (
				00339F1C2AA12F8D003F0FD8 /* NasaImageManager.swift in Sources */,
				00288A192A9FD5CC00893121 /* ImagesModel.swift in Sources */,
				006CFE3E2A9EDC1200E03838 /* ContentView.swift in Sources */,
				006CFE4A2A9EDC9300E03838 /* ImageCard.swift in Sources */,
				00339F202AA14AAC003F0FD8 /* LoadingView.swift in Sources */,
				00288A1D2AA01D3700893121 /* extentions.swift in Sources */,
				006CFE4E2A9EE63400E03838 /* decodePreviewData.swift in Sources */,
				006CFE3C2A9EDC1200E03838 /* NasaImagesApp.swift in Sources */,
				00288A152A9EF14B00893121 /* TitleView.swift in Sources */,
				00288A1F2AA0245600893121 /* ImageDetailView.swift in Sources */,
				00339F1E2AA1379B003F0FD8 /* Secrets.swift in Sources */,
			);
			runOnlyForDeploymentPostprocessing = 0;
		};
/* End PBXSourcesBuildPhase section */

/* Begin XCBuildConfiguration section */
		006CFE442A9EDC1200E03838 /* Debug */ = {
			isa = XCBuildConfiguration;
			buildSettings = {
				ALWAYS_SEARCH_USER_PATHS = NO;
				CLANG_ANALYZER_NONNULL = YES;
				CLANG_ANALYZER_NUMBER_OBJECT_CONVERSION = YES_AGGRESSIVE;
				CLANG_CXX_LANGUAGE_STANDARD = "gnu++20";
				CLANG_ENABLE_MODULES = YES;
				CLANG_ENABLE_OBJC_ARC = YES;
				CLANG_ENABLE_OBJC_WEAK = YES;
				CLANG_WARN_BLOCK_CAPTURE_AUTORELEASING = YES;
				CLANG_WARN_BOOL_CONVERSION = YES;
				CLANG_WARN_COMMA = YES;
				CLANG_WARN_CONSTANT_CONVERSION = YES;
				CLANG_WARN_DEPRECATED_OBJC_IMPLEMENTATIONS = YES;
				CLANG_WARN_DIRECT_OBJC_ISA_USAGE = YES_ERROR;
				CLANG_WARN_DOCUMENTATION_COMMENTS = YES;
				CLANG_WARN_EMPTY_BODY = YES;
				CLANG_WARN_ENUM_CONVERSION = YES;
				CLANG_WARN_INFINITE_RECURSION = YES;
				CLANG_WARN_INT_CONVERSION = YES;
				CLANG_WARN_NON_LITERAL_NULL_CONVERSION = YES;
				CLANG_WARN_OBJC_IMPLICIT_RETAIN_SELF = YES;
				CLANG_WARN_OBJC_LITERAL_CONVERSION = YES;
				CLANG_WARN_OBJC_ROOT_CLASS = YES_ERROR;
				CLANG_WARN_QUOTED_INCLUDE_IN_FRAMEWORK_HEADER = YES;
				CLANG_WARN_RANGE_LOOP_ANALYSIS = YES;
				CLANG_WARN_STRICT_PROTOTYPES = YES;
				CLANG_WARN_SUSPICIOUS_MOVE = YES;
				CLANG_WARN_UNGUARDED_AVAILABILITY = YES_AGGRESSIVE;
				CLANG_WARN_UNREACHABLE_CODE = YES;
				CLANG_WARN__DUPLICATE_METHOD_MATCH = YES;
				COPY_PHASE_STRIP = NO;
				DEBUG_INFORMATION_FORMAT = dwarf;
				ENABLE_STRICT_OBJC_MSGSEND = YES;
				ENABLE_TESTABILITY = YES;
				GCC_C_LANGUAGE_STANDARD = gnu11;
				GCC_DYNAMIC_NO_PIC = NO;
				GCC_NO_COMMON_BLOCKS = YES;
				GCC_OPTIMIZATION_LEVEL = 0;
				GCC_PREPROCESSOR_DEFINITIONS = (
					"DEBUG=1",
					"$(inherited)",
				);
				GCC_WARN_64_TO_32_BIT_CONVERSION = YES;
				GCC_WARN_ABOUT_RETURN_TYPE = YES_ERROR;
				GCC_WARN_UNDECLARED_SELECTOR = YES;
				GCC_WARN_UNINITIALIZED_AUTOS = YES_AGGRESSIVE;
				GCC_WARN_UNUSED_FUNCTION = YES;
				GCC_WARN_UNUSED_VARIABLE = YES;
				IPHONEOS_DEPLOYMENT_TARGET = 16.4;
				MTL_ENABLE_DEBUG_INFO = INCLUDE_SOURCE;
				MTL_FAST_MATH = YES;
				ONLY_ACTIVE_ARCH = YES;
				SDKROOT = iphoneos;
				SWIFT_ACTIVE_COMPILATION_CONDITIONS = DEBUG;
				SWIFT_OPTIMIZATION_LEVEL = "-Onone";
			};
			name = Debug;
		};
		006CFE452A9EDC1200E03838 /* Release */ = {
			isa = XCBuildConfiguration;
			buildSettings = {
				ALWAYS_SEARCH_USER_PATHS = NO;
				CLANG_ANALYZER_NONNULL = YES;
				CLANG_ANALYZER_NUMBER_OBJECT_CONVERSION = YES_AGGRESSIVE;
				CLANG_CXX_LANGUAGE_STANDARD = "gnu++20";
				CLANG_ENABLE_MODULES = YES;
				CLANG_ENABLE_OBJC_ARC = YES;
				CLANG_ENABLE_OBJC_WEAK = YES;
				CLANG_WARN_BLOCK_CAPTURE_AUTORELEASING = YES;
				CLANG_WARN_BOOL_CONVERSION = YES;
				CLANG_WARN_COMMA = YES;
				CLANG_WARN_CONSTANT_CONVERSION = YES;
				CLANG_WARN_DEPRECATED_OBJC_IMPLEMENTATIONS = YES;
				CLANG_WARN_DIRECT_OBJC_ISA_USAGE = YES_ERROR;
				CLANG_WARN_DOCUMENTATION_COMMENTS = YES;
				CLANG_WARN_EMPTY_BODY = YES;
				CLANG_WARN_ENUM_CONVERSION = YES;
				CLANG_WARN_INFINITE_RECURSION = YES;
				CLANG_WARN_INT_CONVERSION = YES;
				CLANG_WARN_NON_LITERAL_NULL_CONVERSION = YES;
				CLANG_WARN_OBJC_IMPLICIT_RETAIN_SELF = YES;
				CLANG_WARN_OBJC_LITERAL_CONVERSION = YES;
				CLANG_WARN_OBJC_ROOT_CLASS = YES_ERROR;
				CLANG_WARN_QUOTED_INCLUDE_IN_FRAMEWORK_HEADER = YES;
				CLANG_WARN_RANGE_LOOP_ANALYSIS = YES;
				CLANG_WARN_STRICT_PROTOTYPES = YES;
				CLANG_WARN_SUSPICIOUS_MOVE = YES;
				CLANG_WARN_UNGUARDED_AVAILABILITY = YES_AGGRESSIVE;
				CLANG_WARN_UNREACHABLE_CODE = YES;
				CLANG_WARN__DUPLICATE_METHOD_MATCH = YES;
				COPY_PHASE_STRIP = NO;
				DEBUG_INFORMATION_FORMAT = "dwarf-with-dsym";
				ENABLE_NS_ASSERTIONS = NO;
				ENABLE_STRICT_OBJC_MSGSEND = YES;
				GCC_C_LANGUAGE_STANDARD = gnu11;
				GCC_NO_COMMON_BLOCKS = YES;
				GCC_WARN_64_TO_32_BIT_CONVERSION = YES;
				GCC_WARN_ABOUT_RETURN_TYPE = YES_ERROR;
				GCC_WARN_UNDECLARED_SELECTOR = YES;
				GCC_WARN_UNINITIALIZED_AUTOS = YES_AGGRESSIVE;
				GCC_WARN_UNUSED_FUNCTION = YES;
				GCC_WARN_UNUSED_VARIABLE = YES;
				IPHONEOS_DEPLOYMENT_TARGET = 16.4;
				MTL_ENABLE_DEBUG_INFO = NO;
				MTL_FAST_MATH = YES;
				SDKROOT = iphoneos;
				SWIFT_COMPILATION_MODE = wholemodule;
				SWIFT_OPTIMIZATION_LEVEL = "-O";
				VALIDATE_PRODUCT = YES;
			};
			name = Release;
		};
		006CFE472A9EDC1200E03838 /* Debug */ = {
			isa = XCBuildConfiguration;
			buildSettings = {
				ASSETCATALOG_COMPILER_APPICON_NAME = AppIcon;
				ASSETCATALOG_COMPILER_GLOBAL_ACCENT_COLOR_NAME = AccentColor;
				CODE_SIGN_STYLE = Automatic;
				CURRENT_PROJECT_VERSION = 1;
				DEVELOPMENT_ASSET_PATHS = "\"NasaImages/Preview Content\"";
				DEVELOPMENT_TEAM = V6DG8SQQ9J;
				ENABLE_PREVIEWS = YES;
				GENERATE_INFOPLIST_FILE = YES;
				INFOPLIST_KEY_UIApplicationSceneManifest_Generation = YES;
				INFOPLIST_KEY_UIApplicationSupportsIndirectInputEvents = YES;
				INFOPLIST_KEY_UILaunchScreen_Generation = YES;
				INFOPLIST_KEY_UISupportedInterfaceOrientations_iPad = "UIInterfaceOrientationPortrait UIInterfaceOrientationPortraitUpsideDown UIInterfaceOrientationLandscapeLeft UIInterfaceOrientationLandscapeRight";
				INFOPLIST_KEY_UISupportedInterfaceOrientations_iPhone = "UIInterfaceOrientationPortrait UIInterfaceOrientationLandscapeLeft UIInterfaceOrientationLandscapeRight";
				LD_RUNPATH_SEARCH_PATHS = (
					"$(inherited)",
					"@executable_path/Frameworks",
				);
				MARKETING_VERSION = 1.0;
				PRODUCT_BUNDLE_IDENTIFIER = com.kadm.NasaImages;
				PRODUCT_NAME = "$(TARGET_NAME)";
				SWIFT_EMIT_LOC_STRINGS = YES;
				SWIFT_VERSION = 5.0;
				TARGETED_DEVICE_FAMILY = "1,2";
			};
			name = Debug;
		};
		006CFE482A9EDC1200E03838 /* Release */ = {
			isa = XCBuildConfiguration;
			buildSettings = {
				ASSETCATALOG_COMPILER_APPICON_NAME = AppIcon;
				ASSETCATALOG_COMPILER_GLOBAL_ACCENT_COLOR_NAME = AccentColor;
				CODE_SIGN_STYLE = Automatic;
				CURRENT_PROJECT_VERSION = 1;
				DEVELOPMENT_ASSET_PATHS = "\"NasaImages/Preview Content\"";
				DEVELOPMENT_TEAM = V6DG8SQQ9J;
				ENABLE_PREVIEWS = YES;
				GENERATE_INFOPLIST_FILE = YES;
				INFOPLIST_KEY_UIApplicationSceneManifest_Generation = YES;
				INFOPLIST_KEY_UIApplicationSupportsIndirectInputEvents = YES;
				INFOPLIST_KEY_UILaunchScreen_Generation = YES;
				INFOPLIST_KEY_UISupportedInterfaceOrientations_iPad = "UIInterfaceOrientationPortrait UIInterfaceOrientationPortraitUpsideDown UIInterfaceOrientationLandscapeLeft UIInterfaceOrientationLandscapeRight";
				INFOPLIST_KEY_UISupportedInterfaceOrientations_iPhone = "UIInterfaceOrientationPortrait UIInterfaceOrientationLandscapeLeft UIInterfaceOrientationLandscapeRight";
				LD_RUNPATH_SEARCH_PATHS = (
					"$(inherited)",
					"@executable_path/Frameworks",
				);
				MARKETING_VERSION = 1.0;
				PRODUCT_BUNDLE_IDENTIFIER = com.kadm.NasaImages;
				PRODUCT_NAME = "$(TARGET_NAME)";
				SWIFT_EMIT_LOC_STRINGS = YES;
				SWIFT_VERSION = 5.0;
				TARGETED_DEVICE_FAMILY = "1,2";
			};
			name = Release;
		};
/* End XCBuildConfiguration section */

/* Begin XCConfigurationList section */
		006CFE332A9EDC1200E03838 /* Build configuration list for PBXProject "NasaImages" */ = {
			isa = XCConfigurationList;
			buildConfigurations = (
				006CFE442A9EDC1200E03838 /* Debug */,
				006CFE452A9EDC1200E03838 /* Release */,
			);
			defaultConfigurationIsVisible = 0;
			defaultConfigurationName = Release;
		};
		006CFE462A9EDC1200E03838 /* Build configuration list for PBXNativeTarget "NasaImages" */ = {
			isa = XCConfigurationList;
			buildConfigurations = (
				006CFE472A9EDC1200E03838 /* Debug */,
				006CFE482A9EDC1200E03838 /* Release */,
			);
			defaultConfigurationIsVisible = 0;
			defaultConfigurationName = Release;
		};
/* End XCConfigurationList section */
	};
	rootObject = 006CFE302A9EDC1200E03838 /* Project object */;
}
